
Microsoft Visual Studio Solution File, Format Version 11.00
# Visual Studio 2010
Project("{FAE04EC0-301F-11D3-BF4B-00C04F79EFBC}") = "Recipe_02_01", "Recipe_02_01\Recipe_02_01.csproj", "{FF792A26-64A5-4803-9279-55070C8B87B8}"
EndProject
Project("{FAE04EC0-301F-11D3-BF4B-00C04F79EFBC}") = "Recipe_02_02", "Recipe_02_02\Recipe_02_02.csproj", "{93C3EB9B-1EE6-447A-9EB5-81DFA213B2DE}"
EndProject
Project("{FAE04EC0-301F-11D3-BF4B-00C04F79EFBC}") = "Recipe_02_03", "Recipe_02_03\Recipe_02_03.csproj", "{59E7136D-8A48-4F38-9146-52A5800B0072}"
EndProject
Project("{FAE04EC0-301F-11D3-BF4B-00C04F79EFBC}") = "Recipe_02_04", "Recipe_02_04\Recipe_02_04.csproj", "{DBF58B2D-3C3D-4FDB-830F-C5CEBEE310BE}"
EndProject
Project("{FAE04EC0-301F-11D3-BF4B-00C04F79EFBC}") = "Recipe_02_05", "Recipe_02_05\Recipe_02_05.csproj", "{D4ABA966-43D8-43C1-8C4E-8CD3B7CE9EF5}"
EndProject
Project("{FAE04EC0-301F-11D3-BF4B-00C04F79EFBC}") = "Recipe_02_06", "Recipe_02_06\Recipe_02_06.csproj", "{56902F46-D0BB-4E83-B65C-0F57870CA555}"
EndProject
Project("{FAE04EC0-301F-11D3-BF4B-00C04F79EFBC}") = "Recipe_02_07", "Recipe_02_07\Recipe_02_07.csproj", "{BFDA6017-C2D7-4523-9222-6DDA48740385}"
EndProject
Project("{FAE04EC0-301F-11D3-BF4B-00C04F79EFBC}") = "Recipe_02_08", "Recipe_02_08\Recipe_02_08.csproj", "{537F3B06-4B90-441C-945F-B5C5616E5305}"
EndProject
Project("{FAE04EC0-301F-11D3-BF4B-00C04F79EFBC}") = "Recipe_02_09", "Recipe_02_09\Recipe_02_09.csproj", "{8C541AFF-EB11-4ADD-A3AA-29B72AC7F602}"
EndProject
Project("{FAE04EC0-301F-11D3-BF4B-00C04F79EFBC}") = "Recipe_02_10", "Recipe_02_10\Recipe_02_10.csproj", "{FCF005DE-9B4D-45D6-AB38-4A1BFB0A46B5}"
EndProject
Project("{FAE04EC0-301F-11D3-BF4B-00C04F79EFBC}") = "Recipe_02_11", "Recipe_02_11\Recipe_02_11.csproj", "{12153C22-DC66-477A-B473-2217DFA0078E}"
EndProject
Global
	GlobalSection(SolutionConfigurationPlatforms) = preSolution
		Debug|x86 = Debug|x86
		Release|x86 = Release|x86
	EndGlobalSection
	GlobalSection(ProjectConfigurationPlatforms) = postSolution
		{FF792A26-64A5-4803-9279-55070C8B87B8}.Debug|x86.ActiveCfg = Debug|x86
		{FF792A26-64A5-4803-9279-55070C8B87B8}.Debug|x86.Build.0 = Debug|x86
		{FF792A26-64A5-4803-9279-55070C8B87B8}.Release|x86.ActiveCfg = Release|x86
		{FF792A26-64A5-4803-9279-55070C8B87B8}.Release|x86.Build.0 = Release|x86
		{93C3EB9B-1EE6-447A-9EB5-81DFA213B2DE}.Debug|x86.ActiveCfg = Debug|x86
		{93C3EB9B-1EE6-447A-9EB5-81DFA213B2DE}.Debug|x86.Build.0 = Debug|x86
		{93C3EB9B-1EE6-447A-9EB5-81DFA213B2DE}.Release|x86.ActiveCfg = Release|x86
		{93C3EB9B-1EE6-447A-9EB5-81DFA213B2DE}.Release|x86.Build.0 = Release|x86
		{59E7136D-8A48-4F38-9146-52A5800B0072}.Debug|x86.ActiveCfg = Debug|x86
		{59E7136D-8A48-4F38-9146-52A5800B0072}.Debug|x86.Build.0 = Debug|x86
		{59E7136D-8A48-4F38-9146-52A5800B0072}.Release|x86.ActiveCfg = Release|x86
		{59E7136D-8A48-4F38-9146-52A5800B0072}.Release|x86.Build.0 = Release|x86
		{DBF58B2D-3C3D-4FDB-830F-C5CEBEE310BE}.Debug|x86.ActiveCfg = Debug|x86
		{DBF58B2D-3C3D-4FDB-830F-C5CEBEE310BE}.Debug|x86.Build.0 = Debug|x86
		{DBF58B2D-3C3D-4FDB-830F-C5CEBEE310BE}.Release|x86.ActiveCfg = Release|x86
		{DBF58B2D-3C3D-4FDB-830F-C5CEBEE310BE}.Release|x86.Build.0 = Release|x86
		{D4ABA966-43D8-43C1-8C4E-8CD3B7CE9EF5}.Debug|x86.ActiveCfg = Debug|x86
		{D4ABA966-43D8-43C1-8C4E-8CD3B7CE9EF5}.Debug|x86.Build.0 = Debug|x86
		{D4ABA966-43D8-43C1-8C4E-8CD3B7CE9EF5}.Release|x86.ActiveCfg = Release|x86
		{D4ABA966-43D8-43C1-8C4E-8CD3B7CE9EF5}.Release|x86.Build.0 = Release|x86
		{56902F46-D0BB-4E83-B65C-0F57870CA555}.Debug|x86.ActiveCfg = Debug|x86
		{56902F46-D0BB-4E83-B65C-0F57870CA555}.Debug|x86.Build.0 = Debug|x86
		{56902F46-D0BB-4E83-B65C-0F57870CA555}.Release|x86.ActiveCfg = Release|x86
		{56902F46-D0BB-4E83-B65C-0F57870CA555}.Release|x86.Build.0 = Release|x86
		{BFDA6017-C2D7-4523-9222-6DDA48740385}.Debug|x86.ActiveCfg = Debug|x86
		{BFDA6017-C2D7-4523-9222-6DDA48740385}.Debug|x86.Build.0 = Debug|x86
		{BFDA6017-C2D7-4523-9222-6DDA48740385}.Release|x86.ActiveCfg = Release|x86
		{BFDA6017-C2D7-4523-9222-6DDA48740385}.Release|x86.Build.0 = Release|x86
		{537F3B06-4B90-441C-945F-B5C5616E5305}.Debug|x86.ActiveCfg = Debug|x86
		{537F3B06-4B90-441C-945F-B5C5616E5305}.Debug|x86.Build.0 = Debug|x86
		{537F3B06-4B90-441C-945F-B5C5616E5305}.Release|x86.ActiveCfg = Release|x86
		{537F3B06-4B90-441C-945F-B5C5616E5305}.Release|x86.Build.0 = Release|x86
		{8C541AFF-EB11-4ADD-A3AA-29B72AC7F602}.Debug|x86.ActiveCfg = Debug|x86
		{8C541AFF-EB11-4ADD-A3AA-29B72AC7F602}.Debug|x86.Build.0 = Debug|x86
		{8C541AFF-EB11-4ADD-A3AA-29B72AC7F602}.Release|x86.ActiveCfg = Release|x86
		{8C541AFF-EB11-4ADD-A3AA-29B72AC7F602}.Release|x86.Build.0 = Release|x86
		{FCF005DE-9B4D-45D6-AB38-4A1BFB0A46B5}.Debug|x86.ActiveCfg = Debug|x86
		{FCF005DE-9B4D-45D6-AB38-4A1BFB0A46B5}.Debug|x86.Build.0 = Debug|x86
		{FCF005DE-9B4D-45D6-AB38-4A1BFB0A46B5}.Release|x86.ActiveCfg = Release|x86
		{FCF005DE-9B4D-45D6-AB38-4A1BFB0A46B5}.Release|x86.Build.0 = Release|x86
		{12153C22-DC66-477A-B473-2217DFA0078E}.Debug|x86.ActiveCfg = Debug|x86
		{12153C22-DC66-477A-B473-2217DFA0078E}.Debug|x86.Build.0 = Debug|x86
		{12153C22-DC66-477A-B473-2217DFA0078E}.Release|x86.ActiveCfg = Release|x86
		{12153C22-DC66-477A-B473-2217DFA0078E}.Release|x86.Build.0 = Release|x86
	EndGlobalSection
	GlobalSection(SolutionProperties) = preSolution
		HideSolutionNode = FALSE
	EndGlobalSection
EndGlobal
