
Microsoft Visual Studio Solution File, Format Version 11.00
# Visual Studio 2010
Project("{FAE04EC0-301F-11D3-BF4B-00C04F79EFBC}") = "Recipe_01_12", "Recipe_01_12\Recipe_01_12.csproj", "{73AB7935-23D4-48B9-A3A3-B6EB997F8AB8}"
EndProject
Project("{FAE04EC0-301F-11D3-BF4B-00C04F79EFBC}") = "Recipe_01_13", "Recipe_01_13\Recipe_01_13.csproj", "{924126C3-014B-45FF-8E0D-5562289FFF15}"
EndProject
Project("{FAE04EC0-301F-11D3-BF4B-00C04F79EFBC}") = "Recipe_01_14", "Recipe_01_14\Recipe_01_14.csproj", "{0E45172C-157F-4DF0-8F4A-BDF4A98FE829}"
EndProject
Project("{FAE04EC0-301F-11D3-BF4B-00C04F79EFBC}") = "Recipe_01_15", "Recipe_01_15\Recipe_01_15.csproj", "{70F1E7AF-AA8B-4709-8869-AB83329BC75D}"
EndProject
Project("{FAE04EC0-301F-11D3-BF4B-00C04F79EFBC}") = "Recipe_01_16", "Recipe_01_16\Recipe_01_16.csproj", "{1A8EBBB2-6F02-4C98-96D0-C6F3E3BBF6E7}"
EndProject
Project("{FAE04EC0-301F-11D3-BF4B-00C04F79EFBC}") = "Recipe_01_17", "Recipe_01_17\Recipe_01_17.csproj", "{7B85E024-128E-4ACA-B3D6-FDE7E26FAF04}"
EndProject
Global
	GlobalSection(SolutionConfigurationPlatforms) = preSolution
		Debug|x86 = Debug|x86
		Release|x86 = Release|x86
	EndGlobalSection
	GlobalSection(ProjectConfigurationPlatforms) = postSolution
		{73AB7935-23D4-48B9-A3A3-B6EB997F8AB8}.Debug|x86.ActiveCfg = Debug|x86
		{73AB7935-23D4-48B9-A3A3-B6EB997F8AB8}.Debug|x86.Build.0 = Debug|x86
		{73AB7935-23D4-48B9-A3A3-B6EB997F8AB8}.Release|x86.ActiveCfg = Release|x86
		{73AB7935-23D4-48B9-A3A3-B6EB997F8AB8}.Release|x86.Build.0 = Release|x86
		{924126C3-014B-45FF-8E0D-5562289FFF15}.Debug|x86.ActiveCfg = Debug|x86
		{924126C3-014B-45FF-8E0D-5562289FFF15}.Debug|x86.Build.0 = Debug|x86
		{924126C3-014B-45FF-8E0D-5562289FFF15}.Release|x86.ActiveCfg = Release|x86
		{924126C3-014B-45FF-8E0D-5562289FFF15}.Release|x86.Build.0 = Release|x86
		{0E45172C-157F-4DF0-8F4A-BDF4A98FE829}.Debug|x86.ActiveCfg = Debug|x86
		{0E45172C-157F-4DF0-8F4A-BDF4A98FE829}.Debug|x86.Build.0 = Debug|x86
		{0E45172C-157F-4DF0-8F4A-BDF4A98FE829}.Release|x86.ActiveCfg = Release|x86
		{0E45172C-157F-4DF0-8F4A-BDF4A98FE829}.Release|x86.Build.0 = Release|x86
		{70F1E7AF-AA8B-4709-8869-AB83329BC75D}.Debug|x86.ActiveCfg = Debug|x86
		{70F1E7AF-AA8B-4709-8869-AB83329BC75D}.Debug|x86.Build.0 = Debug|x86
		{70F1E7AF-AA8B-4709-8869-AB83329BC75D}.Release|x86.ActiveCfg = Release|x86
		{70F1E7AF-AA8B-4709-8869-AB83329BC75D}.Release|x86.Build.0 = Release|x86
		{1A8EBBB2-6F02-4C98-96D0-C6F3E3BBF6E7}.Debug|x86.ActiveCfg = Debug|x86
		{1A8EBBB2-6F02-4C98-96D0-C6F3E3BBF6E7}.Debug|x86.Build.0 = Debug|x86
		{1A8EBBB2-6F02-4C98-96D0-C6F3E3BBF6E7}.Release|x86.ActiveCfg = Release|x86
		{1A8EBBB2-6F02-4C98-96D0-C6F3E3BBF6E7}.Release|x86.Build.0 = Release|x86
		{7B85E024-128E-4ACA-B3D6-FDE7E26FAF04}.Debug|x86.ActiveCfg = Debug|x86
		{7B85E024-128E-4ACA-B3D6-FDE7E26FAF04}.Debug|x86.Build.0 = Debug|x86
		{7B85E024-128E-4ACA-B3D6-FDE7E26FAF04}.Release|x86.ActiveCfg = Release|x86
		{7B85E024-128E-4ACA-B3D6-FDE7E26FAF04}.Release|x86.Build.0 = Release|x86
	EndGlobalSection
	GlobalSection(SolutionProperties) = preSolution
		HideSolutionNode = FALSE
	EndGlobalSection
EndGlobal
